{
  "name": "day2",
  "version": "1.0.0",
  "lockfileVersion": 3,
  "requires": true,
  "packages": {
    "": {
      "name": "day2",
      "version": "1.0.0",
      "license": "ISC",
      "dependencies": {
        "f": "^1.4.0",
        "s": "^1.0.0"
      }
    },
    "node_modules/f": {
      "version": "1.4.0",
      "resolved": "https://registry.npmjs.org/f/-/f-1.4.0.tgz",
      "integrity": "sha512-THMsoTpFuIFoQ538jpbW7x/9pVaE0jdKN2O+nd7xpeUT17lECGX8M+QOaZ186ipc3XSzSFOytaXFidItHix44Q==",
      "license": "MIT"
    },
    "node_modules/s": {
      "version": "1.0.0",
      "resolved": "https://registry.npmjs.org/s/-/s-1.0.0.tgz",
      "integrity": "sha512-Tz63UXhdEBvvIV6Q0a+AV2Dx1TPq+vVWNYBxyCT9TG0uqn9kySwFTjfq3C1YuGBRwYtt9Tof11L6GCKi88foqw==",
      "license": "Apache-2.0",
      "engines": {
        "node": ">=0.8"
      }
    }
  }
}
